# This file is generated by running "yarn install" inside your project.
# Manual changes might be lost - proceed with caution!

__metadata:
  version: 6
  cacheKey: 8

"@bipgopakap/effect-clue@workspace:.":
  version: 0.0.0-use.local
  resolution: "@bipgopakap/effect-clue@workspace:."
  dependencies:
    "@effect/data": 0.12.6
    "@effect/io": 0.26.0
    "@effect/match": 0.24.1
    ts-dedent: 2.2.0
  languageName: unknown
  linkType: soft

"@effect/data@npm:0.12.6, @effect/data@npm:^0.12.6":
  version: 0.12.6
  resolution: "@effect/data@npm:0.12.6"
  checksum: 7ff0298e1d2748610e4fee0597a45973f815f82968e26b38b7638b58ddeb99de9a15e1d4e0bd5abdd7c74c3f69c9309155cd6eeec3aa61d817509fd6517ee511
  languageName: node
  linkType: hard

"@effect/data@npm:^0.12.2, @effect/data@npm:~0.12.2":
  version: 0.12.5
  resolution: "@effect/data@npm:0.12.5"
  checksum: dab16e6a4b998927f78dbfa2d8b2667883d77c7dad6d68d5e4e5c794eaf2d23cddc0c5c03f0f8c60a070967e523e787288a1982dbe06444a1e212fd3b048a7ea
  languageName: node
  linkType: hard

"@effect/io@npm:0.26.0, @effect/io@npm:^0.26.0":
  version: 0.26.0
  resolution: "@effect/io@npm:0.26.0"
  dependencies:
    "@effect/data": ~0.12.2
  checksum: 5363d94d502dbf40eb726c253a6d66990079b832b2cd63e086cd00a8e8b4f5adfe13f953aa0ce6f838ce4626f4b1a7a69733d4a271e096100c94620502d22f8f
  languageName: node
  linkType: hard

"@effect/match@npm:0.24.1":
  version: 0.24.1
  resolution: "@effect/match@npm:0.24.1"
  dependencies:
    "@effect/data": ^0.12.6
    "@effect/schema": ^0.20.1
  checksum: fe6470447c3702fd3841335641f4c2934c82fe89beca73c545c85f1174e318196b1350b7abc4fd38334f47f618f3ddc8a752e0f327e2ce0422e8b27e79f6429d
  languageName: node
  linkType: hard

"@effect/schema@npm:^0.20.1":
  version: 0.20.1
  resolution: "@effect/schema@npm:0.20.1"
  dependencies:
    "@effect/data": ^0.12.2
    "@effect/io": ^0.26.0
    fast-check: ^3.8.1
  checksum: 97779b0cbcfaaa06ccf0a7a27900c099526d6070924217ecf568412324f45dcad1ccdd0a95ed1afc2e1130a29578237c277ecc8e63596a683acf493c97d6bf0e
  languageName: node
  linkType: hard

"fast-check@npm:^3.8.1":
  version: 3.10.0
  resolution: "fast-check@npm:3.10.0"
  dependencies:
    pure-rand: ^6.0.0
  checksum: 8937e2dc8416e44bd23d6330fcb2c54a2c538944d40d53e6f379a01b79b1490cd8a4a81cd47ffa5aa8a7df71a0eccaae007371c639fd2dd43ae7507e9de8ec57
  languageName: node
  linkType: hard

"pure-rand@npm:^6.0.0":
  version: 6.0.2
  resolution: "pure-rand@npm:6.0.2"
  checksum: 79de33876a4f515d759c48e98d00756bbd916b4ea260cc572d7adfa4b62cace9952e89f0241d0410214554503d25061140fe325c66f845213d2b1728ba8d413e
  languageName: node
  linkType: hard

"ts-dedent@npm:2.2.0":
  version: 2.2.0
  resolution: "ts-dedent@npm:2.2.0"
  checksum: 93ed8f7878b6d5ed3c08d99b740010eede6bccfe64bce61c5a4da06a2c17d6ddbb80a8c49c2d15251de7594a4f93ffa21dd10e7be75ef66a4dc9951b4a94e2af
  languageName: node
  linkType: hard
